// !$*UTF8*$!
{
	archiveVersion = 1;
	classes = {
	};
	objectVersion = 56;
	objects = {

/* Begin PBXBuildFile section */
		A60435422B6CD520000F3C4D /* UIView+Extension.swift in Sources */ = {isa = PBXBuildFile; fileRef = A60435412B6CD520000F3C4D /* UIView+Extension.swift */; };
		A6A9E36F2B6B59F600034144 /* AppDelegate.swift in Sources */ = {isa = PBXBuildFile; fileRef = A6A9E36E2B6B59F600034144 /* AppDelegate.swift */; };
		A6A9E3712B6B59F600034144 /* SceneDelegate.swift in Sources */ = {isa = PBXBuildFile; fileRef = A6A9E3702B6B59F600034144 /* SceneDelegate.swift */; };
		A6A9E3732B6B59F600034144 /* PhotoDectorViewController.swift in Sources */ = {isa = PBXBuildFile; fileRef = A6A9E3722B6B59F600034144 /* PhotoDectorViewController.swift */; };
		A6A9E3782B6B59F700034144 /* Assets.xcassets in Resources */ = {isa = PBXBuildFile; fileRef = A6A9E3772B6B59F700034144 /* Assets.xcassets */; };
		A6A9E37B2B6B59F700034144 /* LaunchScreen.storyboard in Resources */ = {isa = PBXBuildFile; fileRef = A6A9E3792B6B59F700034144 /* LaunchScreen.storyboard */; };
		A6A9E3892B6B808D00034144 /* ImageProcessingUseCase.swift in Sources */ = {isa = PBXBuildFile; fileRef = A6A9E3882B6B808D00034144 /* ImageProcessingUseCase.swift */; };
		A6A9E38D2B6B86EC00034144 /* DetectorBuilderError.swift in Sources */ = {isa = PBXBuildFile; fileRef = A6A9E38C2B6B86EC00034144 /* DetectorBuilderError.swift */; };
		A6A9E3922B6B8A6300034144 /* DetectorBuilder.swift in Sources */ = {isa = PBXBuildFile; fileRef = A6A9E3912B6B8A6300034144 /* DetectorBuilder.swift */; };
		A6A9E3942B6B8A8D00034144 /* DetectorBuilderProtocol.swift in Sources */ = {isa = PBXBuildFile; fileRef = A6A9E3932B6B8A8D00034144 /* DetectorBuilderProtocol.swift */; };
		A6A9E3972B6BAE4000034144 /* CIDetector+Extension.swift in Sources */ = {isa = PBXBuildFile; fileRef = A6A9E3962B6BAE4000034144 /* CIDetector+Extension.swift */; };
		A6A9E3992B6BAEE300034144 /* PhotoDetectorViewModel.swift in Sources */ = {isa = PBXBuildFile; fileRef = A6A9E3982B6BAEE300034144 /* PhotoDetectorViewModel.swift */; };
		A6A9E39D2B6BBCC900034144 /* ImageProcessingUseCaseProtocol.swift in Sources */ = {isa = PBXBuildFile; fileRef = A6A9E39C2B6BBCC900034144 /* ImageProcessingUseCaseProtocol.swift */; };
		A6A9E39F2B6BBCF700034144 /* Detectable.swift in Sources */ = {isa = PBXBuildFile; fileRef = A6A9E39E2B6BBCF700034144 /* Detectable.swift */; };
		A6A9E3A22B6BBD3300034144 /* ConvertingError.swift in Sources */ = {isa = PBXBuildFile; fileRef = A6A9E3A12B6BBD3300034144 /* ConvertingError.swift */; };
		A6A9E3A42B6BF90D00034144 /* PhotoPreviewViewController.swift in Sources */ = {isa = PBXBuildFile; fileRef = A6A9E3A32B6BF90D00034144 /* PhotoPreviewViewController.swift */; };
		A6A9E3A62B6BF95900034144 /* PhotoRepointingViewController.swift in Sources */ = {isa = PBXBuildFile; fileRef = A6A9E3A52B6BF95900034144 /* PhotoRepointingViewController.swift */; };
		A6A9E3A82B6BFA1100034144 /* PhotoRepointingViewModel.swift in Sources */ = {isa = PBXBuildFile; fileRef = A6A9E3A72B6BFA1100034144 /* PhotoRepointingViewModel.swift */; };
		A6A9E3AA2B6BFA1F00034144 /* PhotoPreviewViewModel.swift in Sources */ = {isa = PBXBuildFile; fileRef = A6A9E3A92B6BFA1F00034144 /* PhotoPreviewViewModel.swift */; };
		A6A9E3AD2B6C02A000034144 /* Photo.swift in Sources */ = {isa = PBXBuildFile; fileRef = A6A9E3AC2B6C02A000034144 /* Photo.swift */; };
		A6A9E3AF2B6C7E4500034144 /* ImageDetectorUseCase.swift in Sources */ = {isa = PBXBuildFile; fileRef = A6A9E3AE2B6C7E4500034144 /* ImageDetectorUseCase.swift */; };
		A6A9E3B12B6C81AB00034144 /* ImageDetectorUseCaseProtocol.swift in Sources */ = {isa = PBXBuildFile; fileRef = A6A9E3B02B6C81AB00034144 /* ImageDetectorUseCaseProtocol.swift */; };
		A6A9E3B52B6CAA7500034144 /* UIColor+Extension.swift in Sources */ = {isa = PBXBuildFile; fileRef = A6A9E3B42B6CAA7500034144 /* UIColor+Extension.swift */; };
/* End PBXBuildFile section */

/* Begin PBXFileReference section */
		A60435412B6CD520000F3C4D /* UIView+Extension.swift */ = {isa = PBXFileReference; lastKnownFileType = sourcecode.swift; path = "UIView+Extension.swift"; sourceTree = "<group>"; };
		A6A9E36B2B6B59F600034144 /* PhotoDetector.app */ = {isa = PBXFileReference; explicitFileType = wrapper.application; includeInIndex = 0; path = PhotoDetector.app; sourceTree = BUILT_PRODUCTS_DIR; };
		A6A9E36E2B6B59F600034144 /* AppDelegate.swift */ = {isa = PBXFileReference; lastKnownFileType = sourcecode.swift; path = AppDelegate.swift; sourceTree = "<group>"; };
		A6A9E3702B6B59F600034144 /* SceneDelegate.swift */ = {isa = PBXFileReference; lastKnownFileType = sourcecode.swift; path = SceneDelegate.swift; sourceTree = "<group>"; };
		A6A9E3722B6B59F600034144 /* PhotoDectorViewController.swift */ = {isa = PBXFileReference; lastKnownFileType = sourcecode.swift; path = PhotoDectorViewController.swift; sourceTree = "<group>"; };
		A6A9E3772B6B59F700034144 /* Assets.xcassets */ = {isa = PBXFileReference; lastKnownFileType = folder.assetcatalog; path = Assets.xcassets; sourceTree = "<group>"; };
		A6A9E37A2B6B59F700034144 /* Base */ = {isa = PBXFileReference; lastKnownFileType = file.storyboard; name = Base; path = Base.lproj/LaunchScreen.storyboard; sourceTree = "<group>"; };
		A6A9E37C2B6B59F700034144 /* Info.plist */ = {isa = PBXFileReference; lastKnownFileType = text.plist.xml; path = Info.plist; sourceTree = "<group>"; };
		A6A9E3882B6B808D00034144 /* ImageProcessingUseCase.swift */ = {isa = PBXFileReference; lastKnownFileType = sourcecode.swift; path = ImageProcessingUseCase.swift; sourceTree = "<group>"; };
		A6A9E38C2B6B86EC00034144 /* DetectorBuilderError.swift */ = {isa = PBXFileReference; lastKnownFileType = sourcecode.swift; path = DetectorBuilderError.swift; sourceTree = "<group>"; };
		A6A9E3912B6B8A6300034144 /* DetectorBuilder.swift */ = {isa = PBXFileReference; lastKnownFileType = sourcecode.swift; path = DetectorBuilder.swift; sourceTree = "<group>"; };
		A6A9E3932B6B8A8D00034144 /* DetectorBuilderProtocol.swift */ = {isa = PBXFileReference; lastKnownFileType = sourcecode.swift; path = DetectorBuilderProtocol.swift; sourceTree = "<group>"; };
		A6A9E3962B6BAE4000034144 /* CIDetector+Extension.swift */ = {isa = PBXFileReference; lastKnownFileType = sourcecode.swift; path = "CIDetector+Extension.swift"; sourceTree = "<group>"; };
		A6A9E3982B6BAEE300034144 /* PhotoDetectorViewModel.swift */ = {isa = PBXFileReference; lastKnownFileType = sourcecode.swift; path = PhotoDetectorViewModel.swift; sourceTree = "<group>"; };
		A6A9E39C2B6BBCC900034144 /* ImageProcessingUseCaseProtocol.swift */ = {isa = PBXFileReference; lastKnownFileType = sourcecode.swift; path = ImageProcessingUseCaseProtocol.swift; sourceTree = "<group>"; };
		A6A9E39E2B6BBCF700034144 /* Detectable.swift */ = {isa = PBXFileReference; lastKnownFileType = sourcecode.swift; path = Detectable.swift; sourceTree = "<group>"; };
		A6A9E3A12B6BBD3300034144 /* ConvertingError.swift */ = {isa = PBXFileReference; lastKnownFileType = sourcecode.swift; path = ConvertingError.swift; sourceTree = "<group>"; };
		A6A9E3A32B6BF90D00034144 /* PhotoPreviewViewController.swift */ = {isa = PBXFileReference; lastKnownFileType = sourcecode.swift; path = PhotoPreviewViewController.swift; sourceTree = "<group>"; };
		A6A9E3A52B6BF95900034144 /* PhotoRepointingViewController.swift */ = {isa = PBXFileReference; lastKnownFileType = sourcecode.swift; path = PhotoRepointingViewController.swift; sourceTree = "<group>"; };
		A6A9E3A72B6BFA1100034144 /* PhotoRepointingViewModel.swift */ = {isa = PBXFileReference; lastKnownFileType = sourcecode.swift; path = PhotoRepointingViewModel.swift; sourceTree = "<group>"; };
		A6A9E3A92B6BFA1F00034144 /* PhotoPreviewViewModel.swift */ = {isa = PBXFileReference; lastKnownFileType = sourcecode.swift; path = PhotoPreviewViewModel.swift; sourceTree = "<group>"; };
		A6A9E3AC2B6C02A000034144 /* Photo.swift */ = {isa = PBXFileReference; lastKnownFileType = sourcecode.swift; path = Photo.swift; sourceTree = "<group>"; };
		A6A9E3AE2B6C7E4500034144 /* ImageDetectorUseCase.swift */ = {isa = PBXFileReference; lastKnownFileType = sourcecode.swift; path = ImageDetectorUseCase.swift; sourceTree = "<group>"; };
		A6A9E3B02B6C81AB00034144 /* ImageDetectorUseCaseProtocol.swift */ = {isa = PBXFileReference; lastKnownFileType = sourcecode.swift; path = ImageDetectorUseCaseProtocol.swift; sourceTree = "<group>"; };
		A6A9E3B42B6CAA7500034144 /* UIColor+Extension.swift */ = {isa = PBXFileReference; lastKnownFileType = sourcecode.swift; path = "UIColor+Extension.swift"; sourceTree = "<group>"; };
/* End PBXFileReference section */

/* Begin PBXFrameworksBuildPhase section */
		A6A9E3682B6B59F600034144 /* Frameworks */ = {
			isa = PBXFrameworksBuildPhase;
			buildActionMask = 2147483647;
			files = (
			);
			runOnlyForDeploymentPostprocessing = 0;
		};
/* End PBXFrameworksBuildPhase section */

/* Begin PBXGroup section */
		A6A9E3622B6B59F600034144 = {
			isa = PBXGroup;
			children = (
				A6A9E36D2B6B59F600034144 /* PhotoDetector */,
				A6A9E36C2B6B59F600034144 /* Products */,
			);
			sourceTree = "<group>";
		};
		A6A9E36C2B6B59F600034144 /* Products */ = {
			isa = PBXGroup;
			children = (
				A6A9E36B2B6B59F600034144 /* PhotoDetector.app */,
			);
			name = Products;
			sourceTree = "<group>";
		};
		A6A9E36D2B6B59F600034144 /* PhotoDetector */ = {
			isa = PBXGroup;
			children = (
				A6A9E3822B6B7F2E00034144 /* Application */,
				A6A9E3842B6B7FB400034144 /* Presentation */,
				A6A9E3872B6B803500034144 /* Domain */,
				A6A9E3832B6B7F3F00034144 /* Resources */,
			);
			path = PhotoDetector;
			sourceTree = "<group>";
		};
		A6A9E3822B6B7F2E00034144 /* Application */ = {
			isa = PBXGroup;
			children = (
				A6A9E36E2B6B59F600034144 /* AppDelegate.swift */,
				A6A9E3702B6B59F600034144 /* SceneDelegate.swift */,
			);
			path = Application;
			sourceTree = "<group>";
		};
		A6A9E3832B6B7F3F00034144 /* Resources */ = {
			isa = PBXGroup;
			children = (
				A6A9E3772B6B59F700034144 /* Assets.xcassets */,
				A6A9E3792B6B59F700034144 /* LaunchScreen.storyboard */,
				A6A9E37C2B6B59F700034144 /* Info.plist */,
			);
			path = Resources;
			sourceTree = "<group>";
		};
		A6A9E3842B6B7FB400034144 /* Presentation */ = {
			isa = PBXGroup;
			children = (
				A6A9E3B22B6CAA4800034144 /* Utilities */,
				A6A9E3862B6B7FC800034144 /* View */,
				A6A9E3852B6B7FC000034144 /* ViewModel */,
			);
			path = Presentation;
			sourceTree = "<group>";
		};
		A6A9E3852B6B7FC000034144 /* ViewModel */ = {
			isa = PBXGroup;
			children = (
				A6A9E3982B6BAEE300034144 /* PhotoDetectorViewModel.swift */,
				A6A9E3A72B6BFA1100034144 /* PhotoRepointingViewModel.swift */,
				A6A9E3A92B6BFA1F00034144 /* PhotoPreviewViewModel.swift */,
				A6A9E3A02B6BBD2900034144 /* Errors */,
			);
			path = ViewModel;
			sourceTree = "<group>";
		};
		A6A9E3862B6B7FC800034144 /* View */ = {
			isa = PBXGroup;
			children = (
				A6A9E3722B6B59F600034144 /* PhotoDectorViewController.swift */,
				A6A9E3A52B6BF95900034144 /* PhotoRepointingViewController.swift */,
				A6A9E3A32B6BF90D00034144 /* PhotoPreviewViewController.swift */,
			);
			path = View;
			sourceTree = "<group>";
		};
		A6A9E3872B6B803500034144 /* Domain */ = {
			isa = PBXGroup;
			children = (
				A6A9E3AB2B6C029900034144 /* Entities */,
				A6A9E38A2B6B817700034144 /* UseCases */,
			);
			path = Domain;
			sourceTree = "<group>";
		};
		A6A9E38A2B6B817700034144 /* UseCases */ = {
			isa = PBXGroup;
			children = (
				A6A9E3AE2B6C7E4500034144 /* ImageDetectorUseCase.swift */,
				A6A9E3882B6B808D00034144 /* ImageProcessingUseCase.swift */,
				A6A9E38E2B6B8A3800034144 /* Utilities */,
				A6A9E38B2B6B86DB00034144 /* Errors */,
			);
			path = UseCases;
			sourceTree = "<group>";
		};
		A6A9E38B2B6B86DB00034144 /* Errors */ = {
			isa = PBXGroup;
			children = (
				A6A9E38C2B6B86EC00034144 /* DetectorBuilderError.swift */,
			);
			name = Errors;
			sourceTree = "<group>";
		};
		A6A9E38E2B6B8A3800034144 /* Utilities */ = {
			isa = PBXGroup;
			children = (
				A6A9E3902B6B8A4C00034144 /* Implement */,
				A6A9E38F2B6B8A4400034144 /* Interface */,
				A6A9E3952B6BAD5E00034144 /* Extensions */,
			);
			path = Utilities;
			sourceTree = "<group>";
		};
		A6A9E38F2B6B8A4400034144 /* Interface */ = {
			isa = PBXGroup;
			children = (
				A6A9E39C2B6BBCC900034144 /* ImageProcessingUseCaseProtocol.swift */,
				A6A9E39E2B6BBCF700034144 /* Detectable.swift */,
				A6A9E3932B6B8A8D00034144 /* DetectorBuilderProtocol.swift */,
				A6A9E3B02B6C81AB00034144 /* ImageDetectorUseCaseProtocol.swift */,
			);
			path = Interface;
			sourceTree = "<group>";
		};
		A6A9E3902B6B8A4C00034144 /* Implement */ = {
			isa = PBXGroup;
			children = (
				A6A9E3912B6B8A6300034144 /* DetectorBuilder.swift */,
			);
			path = Implement;
			sourceTree = "<group>";
		};
		A6A9E3952B6BAD5E00034144 /* Extensions */ = {
			isa = PBXGroup;
			children = (
				A6A9E3962B6BAE4000034144 /* CIDetector+Extension.swift */,
			);
			path = Extensions;
			sourceTree = "<group>";
		};
		A6A9E3A02B6BBD2900034144 /* Errors */ = {
			isa = PBXGroup;
			children = (
				A6A9E3A12B6BBD3300034144 /* ConvertingError.swift */,
			);
			path = Errors;
			sourceTree = "<group>";
		};
		A6A9E3AB2B6C029900034144 /* Entities */ = {
			isa = PBXGroup;
			children = (
				A6A9E3AC2B6C02A000034144 /* Photo.swift */,
			);
			path = Entities;
			sourceTree = "<group>";
		};
		A6A9E3B22B6CAA4800034144 /* Utilities */ = {
			isa = PBXGroup;
			children = (
				A6A9E3B32B6CAA6800034144 /* Extensions */,
			);
			path = Utilities;
			sourceTree = "<group>";
		};
		A6A9E3B32B6CAA6800034144 /* Extensions */ = {
			isa = PBXGroup;
			children = (
				A6A9E3B42B6CAA7500034144 /* UIColor+Extension.swift */,
				A60435412B6CD520000F3C4D /* UIView+Extension.swift */,
			);
			path = Extensions;
			sourceTree = "<group>";
		};
/* End PBXGroup section */

/* Begin PBXNativeTarget section */
		A6A9E36A2B6B59F600034144 /* PhotoDetector */ = {
			isa = PBXNativeTarget;
			buildConfigurationList = A6A9E37F2B6B59F700034144 /* Build configuration list for PBXNativeTarget "PhotoDetector" */;
			buildPhases = (
				A6A9E3672B6B59F600034144 /* Sources */,
				A6A9E3682B6B59F600034144 /* Frameworks */,
				A6A9E3692B6B59F600034144 /* Resources */,
			);
			buildRules = (
			);
			dependencies = (
			);
			name = PhotoDetector;
			productName = PhotoDetector;
			productReference = A6A9E36B2B6B59F600034144 /* PhotoDetector.app */;
			productType = "com.apple.product-type.application";
		};
/* End PBXNativeTarget section */

/* Begin PBXProject section */
		A6A9E3632B6B59F600034144 /* Project object */ = {
			isa = PBXProject;
			attributes = {
				BuildIndependentTargetsInParallel = 1;
				LastSwiftUpdateCheck = 1500;
				LastUpgradeCheck = 1500;
				TargetAttributes = {
					A6A9E36A2B6B59F600034144 = {
						CreatedOnToolsVersion = 15.0;
					};
				};
			};
			buildConfigurationList = A6A9E3662B6B59F600034144 /* Build configuration list for PBXProject "PhotoDetector" */;
			compatibilityVersion = "Xcode 14.0";
			developmentRegion = en;
			hasScannedForEncodings = 0;
			knownRegions = (
				en,
				Base,
			);
			mainGroup = A6A9E3622B6B59F600034144;
			productRefGroup = A6A9E36C2B6B59F600034144 /* Products */;
			projectDirPath = "";
			projectRoot = "";
			targets = (
				A6A9E36A2B6B59F600034144 /* PhotoDetector */,
			);
		};
/* End PBXProject section */

/* Begin PBXResourcesBuildPhase section */
		A6A9E3692B6B59F600034144 /* Resources */ = {
			isa = PBXResourcesBuildPhase;
			buildActionMask = 2147483647;
			files = (
				A6A9E37B2B6B59F700034144 /* LaunchScreen.storyboard in Resources */,
				A6A9E3782B6B59F700034144 /* Assets.xcassets in Resources */,
			);
			runOnlyForDeploymentPostprocessing = 0;
		};
/* End PBXResourcesBuildPhase section */

/* Begin PBXSourcesBuildPhase section */
		A6A9E3672B6B59F600034144 /* Sources */ = {
			isa = PBXSourcesBuildPhase;
			buildActionMask = 2147483647;
			files = (
				A6A9E3A22B6BBD3300034144 /* ConvertingError.swift in Sources */,
				A6A9E3942B6B8A8D00034144 /* DetectorBuilderProtocol.swift in Sources */,
				A6A9E3B12B6C81AB00034144 /* ImageDetectorUseCaseProtocol.swift in Sources */,
				A6A9E39D2B6BBCC900034144 /* ImageProcessingUseCaseProtocol.swift in Sources */,
				A6A9E3732B6B59F600034144 /* PhotoDectorViewController.swift in Sources */,
				A6A9E36F2B6B59F600034144 /* AppDelegate.swift in Sources */,
				A6A9E3972B6BAE4000034144 /* CIDetector+Extension.swift in Sources */,
				A6A9E3A82B6BFA1100034144 /* PhotoRepointingViewModel.swift in Sources */,
				A6A9E38D2B6B86EC00034144 /* DetectorBuilderError.swift in Sources */,
				A6A9E39F2B6BBCF700034144 /* Detectable.swift in Sources */,
				A6A9E3AF2B6C7E4500034144 /* ImageDetectorUseCase.swift in Sources */,
				A6A9E3992B6BAEE300034144 /* PhotoDetectorViewModel.swift in Sources */,
				A6A9E3AD2B6C02A000034144 /* Photo.swift in Sources */,
				A6A9E3712B6B59F600034144 /* SceneDelegate.swift in Sources */,
				A6A9E3A62B6BF95900034144 /* PhotoRepointingViewController.swift in Sources */,
				A60435422B6CD520000F3C4D /* UIView+Extension.swift in Sources */,
				A6A9E3892B6B808D00034144 /* ImageProcessingUseCase.swift in Sources */,
				A6A9E3A42B6BF90D00034144 /* PhotoPreviewViewController.swift in Sources */,
				A6A9E3AA2B6BFA1F00034144 /* PhotoPreviewViewModel.swift in Sources */,
				A6A9E3922B6B8A6300034144 /* DetectorBuilder.swift in Sources */,
				A6A9E3B52B6CAA7500034144 /* UIColor+Extension.swift in Sources */,
			);
			runOnlyForDeploymentPostprocessing = 0;
		};
/* End PBXSourcesBuildPhase section */

/* Begin PBXVariantGroup section */
		A6A9E3792B6B59F700034144 /* LaunchScreen.storyboard */ = {
			isa = PBXVariantGroup;
			children = (
				A6A9E37A2B6B59F700034144 /* Base */,
			);
			name = LaunchScreen.storyboard;
			sourceTree = "<group>";
		};
/* End PBXVariantGroup section */

/* Begin XCBuildConfiguration section */
		A6A9E37D2B6B59F700034144 /* Debug */ = {
			isa = XCBuildConfiguration;
			buildSettings = {
				ALWAYS_SEARCH_USER_PATHS = NO;
				ASSETCATALOG_COMPILER_GENERATE_SWIFT_ASSET_SYMBOL_EXTENSIONS = YES;
				CLANG_ANALYZER_NONNULL = YES;
				CLANG_ANALYZER_NUMBER_OBJECT_CONVERSION = YES_AGGRESSIVE;
				CLANG_CXX_LANGUAGE_STANDARD = "gnu++20";
				CLANG_ENABLE_MODULES = YES;
				CLANG_ENABLE_OBJC_ARC = YES;
				CLANG_ENABLE_OBJC_WEAK = YES;
				CLANG_WARN_BLOCK_CAPTURE_AUTORELEASING = YES;
				CLANG_WARN_BOOL_CONVERSION = YES;
				CLANG_WARN_COMMA = YES;
				CLANG_WARN_CONSTANT_CONVERSION = YES;
				CLANG_WARN_DEPRECATED_OBJC_IMPLEMENTATIONS = YES;
				CLANG_WARN_DIRECT_OBJC_ISA_USAGE = YES_ERROR;
				CLANG_WARN_DOCUMENTATION_COMMENTS = YES;
				CLANG_WARN_EMPTY_BODY = YES;
				CLANG_WARN_ENUM_CONVERSION = YES;
				CLANG_WARN_INFINITE_RECURSION = YES;
				CLANG_WARN_INT_CONVERSION = YES;
				CLANG_WARN_NON_LITERAL_NULL_CONVERSION = YES;
				CLANG_WARN_OBJC_IMPLICIT_RETAIN_SELF = YES;
				CLANG_WARN_OBJC_LITERAL_CONVERSION = YES;
				CLANG_WARN_OBJC_ROOT_CLASS = YES_ERROR;
				CLANG_WARN_QUOTED_INCLUDE_IN_FRAMEWORK_HEADER = YES;
				CLANG_WARN_RANGE_LOOP_ANALYSIS = YES;
				CLANG_WARN_STRICT_PROTOTYPES = YES;
				CLANG_WARN_SUSPICIOUS_MOVE = YES;
				CLANG_WARN_UNGUARDED_AVAILABILITY = YES_AGGRESSIVE;
				CLANG_WARN_UNREACHABLE_CODE = YES;
				CLANG_WARN__DUPLICATE_METHOD_MATCH = YES;
				COPY_PHASE_STRIP = NO;
				DEBUG_INFORMATION_FORMAT = dwarf;
				ENABLE_STRICT_OBJC_MSGSEND = YES;
				ENABLE_TESTABILITY = YES;
				ENABLE_USER_SCRIPT_SANDBOXING = YES;
				GCC_C_LANGUAGE_STANDARD = gnu17;
				GCC_DYNAMIC_NO_PIC = NO;
				GCC_NO_COMMON_BLOCKS = YES;
				GCC_OPTIMIZATION_LEVEL = 0;
				GCC_PREPROCESSOR_DEFINITIONS = (
					"DEBUG=1",
					"$(inherited)",
				);
				GCC_WARN_64_TO_32_BIT_CONVERSION = YES;
				GCC_WARN_ABOUT_RETURN_TYPE = YES_ERROR;
				GCC_WARN_UNDECLARED_SELECTOR = YES;
				GCC_WARN_UNINITIALIZED_AUTOS = YES_AGGRESSIVE;
				GCC_WARN_UNUSED_FUNCTION = YES;
				GCC_WARN_UNUSED_VARIABLE = YES;
				IPHONEOS_DEPLOYMENT_TARGET = 17.0;
				LOCALIZATION_PREFERS_STRING_CATALOGS = YES;
				MTL_ENABLE_DEBUG_INFO = INCLUDE_SOURCE;
				MTL_FAST_MATH = YES;
				ONLY_ACTIVE_ARCH = YES;
				SDKROOT = iphoneos;
				SWIFT_ACTIVE_COMPILATION_CONDITIONS = "DEBUG $(inherited)";
				SWIFT_OPTIMIZATION_LEVEL = "-Onone";
			};
			name = Debug;
		};
		A6A9E37E2B6B59F700034144 /* Release */ = {
			isa = XCBuildConfiguration;
			buildSettings = {
				ALWAYS_SEARCH_USER_PATHS = NO;
				ASSETCATALOG_COMPILER_GENERATE_SWIFT_ASSET_SYMBOL_EXTENSIONS = YES;
				CLANG_ANALYZER_NONNULL = YES;
				CLANG_ANALYZER_NUMBER_OBJECT_CONVERSION = YES_AGGRESSIVE;
				CLANG_CXX_LANGUAGE_STANDARD = "gnu++20";
				CLANG_ENABLE_MODULES = YES;
				CLANG_ENABLE_OBJC_ARC = YES;
				CLANG_ENABLE_OBJC_WEAK = YES;
				CLANG_WARN_BLOCK_CAPTURE_AUTORELEASING = YES;
				CLANG_WARN_BOOL_CONVERSION = YES;
				CLANG_WARN_COMMA = YES;
				CLANG_WARN_CONSTANT_CONVERSION = YES;
				CLANG_WARN_DEPRECATED_OBJC_IMPLEMENTATIONS = YES;
				CLANG_WARN_DIRECT_OBJC_ISA_USAGE = YES_ERROR;
				CLANG_WARN_DOCUMENTATION_COMMENTS = YES;
				CLANG_WARN_EMPTY_BODY = YES;
				CLANG_WARN_ENUM_CONVERSION = YES;
				CLANG_WARN_INFINITE_RECURSION = YES;
				CLANG_WARN_INT_CONVERSION = YES;
				CLANG_WARN_NON_LITERAL_NULL_CONVERSION = YES;
				CLANG_WARN_OBJC_IMPLICIT_RETAIN_SELF = YES;
				CLANG_WARN_OBJC_LITERAL_CONVERSION = YES;
				CLANG_WARN_OBJC_ROOT_CLASS = YES_ERROR;
				CLANG_WARN_QUOTED_INCLUDE_IN_FRAMEWORK_HEADER = YES;
				CLANG_WARN_RANGE_LOOP_ANALYSIS = YES;
				CLANG_WARN_STRICT_PROTOTYPES = YES;
				CLANG_WARN_SUSPICIOUS_MOVE = YES;
				CLANG_WARN_UNGUARDED_AVAILABILITY = YES_AGGRESSIVE;
				CLANG_WARN_UNREACHABLE_CODE = YES;
				CLANG_WARN__DUPLICATE_METHOD_MATCH = YES;
				COPY_PHASE_STRIP = NO;
				DEBUG_INFORMATION_FORMAT = "dwarf-with-dsym";
				ENABLE_NS_ASSERTIONS = NO;
				ENABLE_STRICT_OBJC_MSGSEND = YES;
				ENABLE_USER_SCRIPT_SANDBOXING = YES;
				GCC_C_LANGUAGE_STANDARD = gnu17;
				GCC_NO_COMMON_BLOCKS = YES;
				GCC_WARN_64_TO_32_BIT_CONVERSION = YES;
				GCC_WARN_ABOUT_RETURN_TYPE = YES_ERROR;
				GCC_WARN_UNDECLARED_SELECTOR = YES;
				GCC_WARN_UNINITIALIZED_AUTOS = YES_AGGRESSIVE;
				GCC_WARN_UNUSED_FUNCTION = YES;
				GCC_WARN_UNUSED_VARIABLE = YES;
				IPHONEOS_DEPLOYMENT_TARGET = 17.0;
				LOCALIZATION_PREFERS_STRING_CATALOGS = YES;
				MTL_ENABLE_DEBUG_INFO = NO;
				MTL_FAST_MATH = YES;
				SDKROOT = iphoneos;
				SWIFT_COMPILATION_MODE = wholemodule;
				VALIDATE_PRODUCT = YES;
			};
			name = Release;
		};
		A6A9E3802B6B59F700034144 /* Debug */ = {
			isa = XCBuildConfiguration;
			buildSettings = {
				ASSETCATALOG_COMPILER_APPICON_NAME = AppIcon;
				ASSETCATALOG_COMPILER_GLOBAL_ACCENT_COLOR_NAME = AccentColor;
				CODE_SIGN_STYLE = Automatic;
				CURRENT_PROJECT_VERSION = 1;
				DEVELOPMENT_TEAM = TTKL6566T6;
				GENERATE_INFOPLIST_FILE = YES;
				INFOPLIST_FILE = PhotoDetector/Resources/Info.plist;
				INFOPLIST_KEY_UIApplicationSupportsIndirectInputEvents = YES;
				INFOPLIST_KEY_UILaunchStoryboardName = LaunchScreen;
				INFOPLIST_KEY_UISupportedInterfaceOrientations_iPad = "UIInterfaceOrientationPortrait UIInterfaceOrientationPortraitUpsideDown UIInterfaceOrientationLandscapeLeft UIInterfaceOrientationLandscapeRight";
				INFOPLIST_KEY_UISupportedInterfaceOrientations_iPhone = "UIInterfaceOrientationPortrait UIInterfaceOrientationLandscapeLeft UIInterfaceOrientationLandscapeRight";
				LD_RUNPATH_SEARCH_PATHS = (
					"$(inherited)",
					"@executable_path/Frameworks",
				);
				MARKETING_VERSION = 1.0;
				PRODUCT_BUNDLE_IDENTIFIER = JJong.PhotoDetector;
				PRODUCT_NAME = "$(TARGET_NAME)";
				SWIFT_EMIT_LOC_STRINGS = YES;
				SWIFT_VERSION = 5.0;
				TARGETED_DEVICE_FAMILY = "1,2";
			};
			name = Debug;
		};
		A6A9E3812B6B59F700034144 /* Release */ = {
			isa = XCBuildConfiguration;
			buildSettings = {
				ASSETCATALOG_COMPILER_APPICON_NAME = AppIcon;
				ASSETCATALOG_COMPILER_GLOBAL_ACCENT_COLOR_NAME = AccentColor;
				CODE_SIGN_STYLE = Automatic;
				CURRENT_PROJECT_VERSION = 1;
				DEVELOPMENT_TEAM = TTKL6566T6;
				GENERATE_INFOPLIST_FILE = YES;
				INFOPLIST_FILE = PhotoDetector/Resources/Info.plist;
				INFOPLIST_KEY_UIApplicationSupportsIndirectInputEvents = YES;
				INFOPLIST_KEY_UILaunchStoryboardName = LaunchScreen;
				INFOPLIST_KEY_UISupportedInterfaceOrientations_iPad = "UIInterfaceOrientationPortrait UIInterfaceOrientationPortraitUpsideDown UIInterfaceOrientationLandscapeLeft UIInterfaceOrientationLandscapeRight";
				INFOPLIST_KEY_UISupportedInterfaceOrientations_iPhone = "UIInterfaceOrientationPortrait UIInterfaceOrientationLandscapeLeft UIInterfaceOrientationLandscapeRight";
				LD_RUNPATH_SEARCH_PATHS = (
					"$(inherited)",
					"@executable_path/Frameworks",
				);
				MARKETING_VERSION = 1.0;
				PRODUCT_BUNDLE_IDENTIFIER = JJong.PhotoDetector;
				PRODUCT_NAME = "$(TARGET_NAME)";
				SWIFT_EMIT_LOC_STRINGS = YES;
				SWIFT_VERSION = 5.0;
				TARGETED_DEVICE_FAMILY = "1,2";
			};
			name = Release;
		};
/* End XCBuildConfiguration section */

/* Begin XCConfigurationList section */
		A6A9E3662B6B59F600034144 /* Build configuration list for PBXProject "PhotoDetector" */ = {
			isa = XCConfigurationList;
			buildConfigurations = (
				A6A9E37D2B6B59F700034144 /* Debug */,
				A6A9E37E2B6B59F700034144 /* Release */,
			);
			defaultConfigurationIsVisible = 0;
			defaultConfigurationName = Release;
		};
		A6A9E37F2B6B59F700034144 /* Build configuration list for PBXNativeTarget "PhotoDetector" */ = {
			isa = XCConfigurationList;
			buildConfigurations = (
				A6A9E3802B6B59F700034144 /* Debug */,
				A6A9E3812B6B59F700034144 /* Release */,
			);
			defaultConfigurationIsVisible = 0;
			defaultConfigurationName = Release;
		};
/* End XCConfigurationList section */
	};
	rootObject = A6A9E3632B6B59F600034144 /* Project object */;
}
